
Microsoft Visual Studio Solution File, Format Version 12.00
# Visual Studio 2013
VisualStudioVersion = 12.0.21005.1
MinimumVisualStudioVersion = 10.0.40219.1
Project("{FAE04EC0-301F-11D3-BF4B-00C04F79EFBC}") = "WebAPIService", "WebAPIService\WebAPIService.csproj", "{062CF1AE-17ED-4BBB-8D9F-EF99245C29E8}"
EndProject
Project("{FAE04EC0-301F-11D3-BF4B-00C04F79EFBC}") = "Model", "Model\Model.csproj", "{35B2B39E-D049-44CD-B561-DF97E2DEABEA}"
EndProject
Project("{FAE04EC0-301F-11D3-BF4B-00C04F79EFBC}") = "WebAPIService.Test", "WebAPIService.Test\WebAPIService.Test.csproj", "{568EC5C8-C20A-47F5-B1F2-BB7AE2344E83}"
EndProject
Global
	GlobalSection(SolutionConfigurationPlatforms) = preSolution
		Debug|Any CPU = Debug|Any CPU
		Release|Any CPU = Release|Any CPU
	EndGlobalSection
	GlobalSection(ProjectConfigurationPlatforms) = postSolution
		{062CF1AE-17ED-4BBB-8D9F-EF99245C29E8}.Debug|Any CPU.ActiveCfg = Debug|Any CPU
		{062CF1AE-17ED-4BBB-8D9F-EF99245C29E8}.Debug|Any CPU.Build.0 = Debug|Any CPU
		{062CF1AE-17ED-4BBB-8D9F-EF99245C29E8}.Release|Any CPU.ActiveCfg = Release|Any CPU
		{062CF1AE-17ED-4BBB-8D9F-EF99245C29E8}.Release|Any CPU.Build.0 = Release|Any CPU
		{35B2B39E-D049-44CD-B561-DF97E2DEABEA}.Debug|Any CPU.ActiveCfg = Debug|Any CPU
		{35B2B39E-D049-44CD-B561-DF97E2DEABEA}.Debug|Any CPU.Build.0 = Debug|Any CPU
		{35B2B39E-D049-44CD-B561-DF97E2DEABEA}.Release|Any CPU.ActiveCfg = Release|Any CPU
		{35B2B39E-D049-44CD-B561-DF97E2DEABEA}.Release|Any CPU.Build.0 = Release|Any CPU
		{568EC5C8-C20A-47F5-B1F2-BB7AE2344E83}.Debug|Any CPU.ActiveCfg = Debug|Any CPU
		{568EC5C8-C20A-47F5-B1F2-BB7AE2344E83}.Debug|Any CPU.Build.0 = Debug|Any CPU
		{568EC5C8-C20A-47F5-B1F2-BB7AE2344E83}.Release|Any CPU.ActiveCfg = Release|Any CPU
		{568EC5C8-C20A-47F5-B1F2-BB7AE2344E83}.Release|Any CPU.Build.0 = Release|Any CPU
	EndGlobalSection
	GlobalSection(SolutionProperties) = preSolution
		HideSolutionNode = FALSE
	EndGlobalSection
EndGlobal
